<?xml version="1.0" encoding="utf-8"?>
<Project ToolsVersion="4.0" xmlns="http://schemas.microsoft.com/developer/msbuild/2003">
  <ItemGroup>
    <Filter Include="Dmap Compiler">
      <UniqueIdentifier>{eab020ac-bab2-4057-bec2-695b9a2116d9}</UniqueIdentifier>
    </Filter>
    <Filter Include="Framework">
      <UniqueIdentifier>{fcc282c6-0d69-40a3-b5ff-400cfccaf997}</UniqueIdentifier>
    </Filter>
    <Filter Include="Renderer">
      <UniqueIdentifier>{8fb0aa89-6262-435d-85d7-66feb12ed3d9}</UniqueIdentifier>
    </Filter>
  </ItemGroup>
  <ItemGroup>
    <ClInclude Include="tools\compilers\dmap\dmap.h">
      <Filter>Dmap Compiler</Filter>
    </ClInclude>
    <ClInclude Include="framework\DeclManager.h">
      <Filter>Framework</Filter>
    </ClInclude>
    <ClInclude Include="renderer\Material.h">
      <Filter>Renderer</Filter>
    </ClInclude>
    <ClInclude Include="framework\DeclTable.h">
      <Filter>Framework</Filter>
    </ClInclude>
  </ItemGroup>
  <ItemGroup>
    <ClCompile Include="tools\compilers\dmap\dmap.cpp">
      <Filter>Dmap Compiler</Filter>
    </ClCompile>
    <ClCompile Include="tools\compilers\dmap\facebsp.cpp">
      <Filter>Dmap Compiler</Filter>
    </ClCompile>
    <ClCompile Include="tools\compilers\dmap\leakfile.cpp">
      <Filter>Dmap Compiler</Filter>
    </ClCompile>
    <ClCompile Include="tools\compilers\dmap\map.cpp">
      <Filter>Dmap Compiler</Filter>
    </ClCompile>
    <ClCompile Include="tools\compilers\dmap\optimize.cpp">
      <Filter>Dmap Compiler</Filter>
    </ClCompile>
    <ClCompile Include="tools\compilers\dmap\optimize_gcc.cpp">
      <Filter>Dmap Compiler</Filter>
    </ClCompile>
    <ClCompile Include="tools\compilers\dmap\output.cpp">
      <Filter>Dmap Compiler</Filter>
    </ClCompile>
    <ClCompile Include="tools\compilers\dmap\portals.cpp">
      <Filter>Dmap Compiler</Filter>
    </ClCompile>
    <ClCompile Include="tools\compilers\dmap\shadowopt3.cpp">
      <Filter>Dmap Compiler</Filter>
    </ClCompile>
    <ClCompile Include="tools\compilers\dmap\tritjunction.cpp">
      <Filter>Dmap Compiler</Filter>
    </ClCompile>
    <ClCompile Include="tools\compilers\dmap\tritools.cpp">
      <Filter>Dmap Compiler</Filter>
    </ClCompile>
    <ClCompile Include="tools\compilers\dmap\ubrush.cpp">
      <Filter>Dmap Compiler</Filter>
    </ClCompile>
    <ClCompile Include="tools\compilers\dmap\usurface.cpp">
      <Filter>Dmap Compiler</Filter>
    </ClCompile>
    <ClCompile Include="dmap\main.cpp" />
    <ClCompile Include="framework\DeclManager.cpp">
      <Filter>Framework</Filter>
    </ClCompile>
    <ClCompile Include="renderer\Material.cpp">
      <Filter>Renderer</Filter>
    </ClCompile>
    <ClCompile Include="framework\DeclTable.cpp">
      <Filter>Framework</Filter>
    </ClCompile>
  </ItemGroup>
</Project>