<?xml version="1.0" encoding="utf-8"?>
<Project ToolsVersion="4.0" xmlns="http://schemas.microsoft.com/developer/msbuild/2003">
  <ItemGroup>
    <Filter Include="Dmap Compiler">
      <UniqueIdentifier>{eab020ac-bab2-4057-bec2-695b9a2116d9}</UniqueIdentifier>
    </Filter>
  </ItemGroup>
  <ItemGroup>
    <ClInclude Include="tools\compilers\dmap\dmap.h">
      <Filter>Dmap Compiler</Filter>
    </ClInclude>
  </ItemGroup>
  <ItemGroup>
    <ClCompile Include="tools\compilers\dmap\dmap.cpp">
      <Filter>Dmap Compiler</Filter>
    </ClCompile>
    <ClCompile Include="tools\compilers\dmap\facebsp.cpp">
      <Filter>Dmap Compiler</Filter>
    </ClCompile>
    <ClCompile Include="tools\compilers\dmap\leakfile.cpp">
      <Filter>Dmap Compiler</Filter>
    </ClCompile>
    <ClCompile Include="tools\compilers\dmap\map.cpp">
      <Filter>Dmap Compiler</Filter>
    </ClCompile>
    <ClCompile Include="tools\compilers\dmap\optimize.cpp">
      <Filter>Dmap Compiler</Filter>
    </ClCompile>
    <ClCompile Include="tools\compilers\dmap\optimize_gcc.cpp">
      <Filter>Dmap Compiler</Filter>
    </ClCompile>
    <ClCompile Include="tools\compilers\dmap\output.cpp">
      <Filter>Dmap Compiler</Filter>
    </ClCompile>
    <ClCompile Include="tools\compilers\dmap\portals.cpp">
      <Filter>Dmap Compiler</Filter>
    </ClCompile>
    <ClCompile Include="tools\compilers\dmap\shadowopt3.cpp">
      <Filter>Dmap Compiler</Filter>
    </ClCompile>
    <ClCompile Include="tools\compilers\dmap\tritjunction.cpp">
      <Filter>Dmap Compiler</Filter>
    </ClCompile>
    <ClCompile Include="tools\compilers\dmap\tritools.cpp">
      <Filter>Dmap Compiler</Filter>
    </ClCompile>
    <ClCompile Include="tools\compilers\dmap\ubrush.cpp">
      <Filter>Dmap Compiler</Filter>
    </ClCompile>
    <ClCompile Include="tools\compilers\dmap\usurface.cpp">
      <Filter>Dmap Compiler</Filter>
    </ClCompile>
    <ClCompile Include="dmap\main.cpp" />
  </ItemGroup>
</Project>